
Microsoft Visual Studio Solution File, Format Version 12.00
# Visual Studio 15
VisualStudioVersion = 15.0.28307.757
MinimumVisualStudioVersion = 10.0.40219.1
Project("{9A19103F-16F7-4668-BE54-9A1E7A4F7556}") = "ConsoleGame", "ConsoleGame\ConsoleGame.csproj", "{37E2F5CF-933B-4558-816A-F7F7BC278CF8}"
EndProject
Project("{FAE04EC0-301F-11D3-BF4B-00C04F79EFBC}") = "RpgGame", "..\RpgGame\RpgGame.csproj", "{FFAD86EE-6AD7-47D6-A0CC-9B1E2BE0D3C7}"
EndProject
Global
	GlobalSection(SolutionConfigurationPlatforms) = preSolution
		Debug|Any CPU = Debug|Any CPU
		Release|Any CPU = Release|Any CPU
	EndGlobalSection
	GlobalSection(ProjectConfigurationPlatforms) = postSolution
		{37E2F5CF-933B-4558-816A-F7F7BC278CF8}.Debug|Any CPU.ActiveCfg = Debug|Any CPU
		{37E2F5CF-933B-4558-816A-F7F7BC278CF8}.Debug|Any CPU.Build.0 = Debug|Any CPU
		{37E2F5CF-933B-4558-816A-F7F7BC278CF8}.Release|Any CPU.ActiveCfg = Release|Any CPU
		{37E2F5CF-933B-4558-816A-F7F7BC278CF8}.Release|Any CPU.Build.0 = Release|Any CPU
		{FFAD86EE-6AD7-47D6-A0CC-9B1E2BE0D3C7}.Debug|Any CPU.ActiveCfg = Debug|Any CPU
		{FFAD86EE-6AD7-47D6-A0CC-9B1E2BE0D3C7}.Debug|Any CPU.Build.0 = Debug|Any CPU
		{FFAD86EE-6AD7-47D6-A0CC-9B1E2BE0D3C7}.Release|Any CPU.ActiveCfg = Release|Any CPU
		{FFAD86EE-6AD7-47D6-A0CC-9B1E2BE0D3C7}.Release|Any CPU.Build.0 = Release|Any CPU
	EndGlobalSection
	GlobalSection(SolutionProperties) = preSolution
		HideSolutionNode = FALSE
	EndGlobalSection
	GlobalSection(ExtensibilityGlobals) = postSolution
		SolutionGuid = {4FC1C947-9267-4567-AC8C-D2EAB6380899}
	EndGlobalSection
EndGlobal
